
Microsoft Visual Studio Solution File, Format Version 12.00
# Visual Studio Version 17
VisualStudioVersion = 17.0.32014.148
MinimumVisualStudioVersion = 10.0.40219.1
Project("{FAE04EC0-301F-11D3-BF4B-00C04F79EFBC}") = "FindTheDifferenceChar", "FindTheDifferenceChar.csproj", "{29BBC599-DA4C-4324-98AB-550013B38BD0}"
EndProject
Global
	GlobalSection(SolutionConfigurationPlatforms) = preSolution
		Debug|Any CPU = Debug|Any CPU
		Release|Any CPU = Release|Any CPU
	EndGlobalSection
	GlobalSection(ProjectConfigurationPlatforms) = postSolution
		{29BBC599-DA4C-4324-98AB-550013B38BD0}.Debug|Any CPU.ActiveCfg = Debug|Any CPU
		{29BBC599-DA4C-4324-98AB-550013B38BD0}.Debug|Any CPU.Build.0 = Debug|Any CPU
		{29BBC599-DA4C-4324-98AB-550013B38BD0}.Release|Any CPU.ActiveCfg = Release|Any CPU
		{29BBC599-DA4C-4324-98AB-550013B38BD0}.Release|Any CPU.Build.0 = Release|Any CPU
	EndGlobalSection
	GlobalSection(SolutionProperties) = preSolution
		HideSolutionNode = FALSE
	EndGlobalSection
	GlobalSection(ExtensibilityGlobals) = postSolution
		SolutionGuid = {61E39196-4D77-4C84-8E84-C676F8CF9444}
	EndGlobalSection
EndGlobal
